
Microsoft Visual Studio Solution File, Format Version 12.00
# Visual Studio Version 17
VisualStudioVersion = 17.2.32630.192
MinimumVisualStudioVersion = 10.0.40219.1
Project("{FAE04EC0-301F-11D3-BF4B-00C04F79EFBC}") = "WebSocketWebApp", "WebSocketWebApp\WebSocketWebApp.csproj", "{DB5EECDA-0FC3-4964-BC3A-400D22639087}"
EndProject
Global
	GlobalSection(SolutionConfigurationPlatforms) = preSolution
		Debug|Any CPU = Debug|Any CPU
		Release|Any CPU = Release|Any CPU
	EndGlobalSection
	GlobalSection(ProjectConfigurationPlatforms) = postSolution
		{DB5EECDA-0FC3-4964-BC3A-400D22639087}.Debug|Any CPU.ActiveCfg = Debug|Any CPU
		{DB5EECDA-0FC3-4964-BC3A-400D22639087}.Debug|Any CPU.Build.0 = Debug|Any CPU
		{DB5EECDA-0FC3-4964-BC3A-400D22639087}.Release|Any CPU.ActiveCfg = Release|Any CPU
		{DB5EECDA-0FC3-4964-BC3A-400D22639087}.Release|Any CPU.Build.0 = Release|Any CPU
	EndGlobalSection
	GlobalSection(SolutionProperties) = preSolution
		HideSolutionNode = FALSE
	EndGlobalSection
	GlobalSection(ExtensibilityGlobals) = postSolution
		SolutionGuid = {76742860-F45B-4F66-A98F-A73110E2677E}
	EndGlobalSection
EndGlobal
